
Microsoft Visual Studio Solution File, Format Version 12.00
# Visual Studio 15
VisualStudioVersion = 15.0.35026.233
MinimumVisualStudioVersion = 10.0.40219.1
Project("{FAE04EC0-301F-11D3-BF4B-00C04F79EFBC}") = "PhanMemKinhDoMienBac", "PhanMemKinhDoMienBac\PhanMemKinhDoMienBac.csproj", "{B0096A6C-2793-4BE8-8A4B-90AD26E81299}"
EndProject
Global
	GlobalSection(SolutionConfigurationPlatforms) = preSolution
		Debug|Any CPU = Debug|Any CPU
		Release|Any CPU = Release|Any CPU
	EndGlobalSection
	GlobalSection(ProjectConfigurationPlatforms) = postSolution
		{B0096A6C-2793-4BE8-8A4B-90AD26E81299}.Debug|Any CPU.ActiveCfg = Debug|Any CPU
		{B0096A6C-2793-4BE8-8A4B-90AD26E81299}.Debug|Any CPU.Build.0 = Debug|Any CPU
		{B0096A6C-2793-4BE8-8A4B-90AD26E81299}.Release|Any CPU.ActiveCfg = Release|Any CPU
		{B0096A6C-2793-4BE8-8A4B-90AD26E81299}.Release|Any CPU.Build.0 = Release|Any CPU
	EndGlobalSection
	GlobalSection(SolutionProperties) = preSolution
		HideSolutionNode = FALSE
	EndGlobalSection
	GlobalSection(ExtensibilityGlobals) = postSolution
		SolutionGuid = {DC02D712-DB9E-440F-89A9-2E3AEBF11144}
	EndGlobalSection
EndGlobal
